// !$*UTF8*$!
{
	archiveVersion = 1;
	classes = {
	};
	objectVersion = 48;
	objects = {

/* Begin PBXBuildFile section */
		1919FD631FFF55CB0051E4DE /* AppDelegate.swift in Sources */ = {isa = PBXBuildFile; fileRef = 1919FD621FFF55CB0051E4DE /* AppDelegate.swift */; };
		1919FD651FFF55CB0051E4DE /* ViewController.swift in Sources */ = {isa = PBXBuildFile; fileRef = 1919FD641FFF55CB0051E4DE /* ViewController.swift */; };
		1919FD681FFF55CB0051E4DE /* Main.storyboard in Resources */ = {isa = PBXBuildFile; fileRef = 1919FD661FFF55CB0051E4DE /* Main.storyboard */; };
		1919FD6A1FFF55CB0051E4DE /* Assets.xcassets in Resources */ = {isa = PBXBuildFile; fileRef = 1919FD691FFF55CB0051E4DE /* Assets.xcassets */; };
		1919FD6D1FFF55CB0051E4DE /* LaunchScreen.storyboard in Resources */ = {isa = PBXBuildFile; fileRef = 1919FD6B1FFF55CB0051E4DE /* LaunchScreen.storyboard */; };
		1919FD771FFF55E90051E4DE /* CollectionViewController.swift in Sources */ = {isa = PBXBuildFile; fileRef = 1919FD741FFF55E80051E4DE /* CollectionViewController.swift */; };
		1919FD781FFF55E90051E4DE /* OneCustomLayout.swift in Sources */ = {isa = PBXBuildFile; fileRef = 1919FD751FFF55E90051E4DE /* OneCustomLayout.swift */; };
		1919FD791FFF55E90051E4DE /* TwoCustomLayout.swift in Sources */ = {isa = PBXBuildFile; fileRef = 1919FD761FFF55E90051E4DE /* TwoCustomLayout.swift */; };
/* End PBXBuildFile section */

/* Begin PBXFileReference section */
		1919FD5F1FFF55CB0051E4DE /* CollectViewLayoutDemo.app */ = {isa = PBXFileReference; explicitFileType = wrapper.application; includeInIndex = 0; path = CollectViewLayoutDemo.app; sourceTree = BUILT_PRODUCTS_DIR; };
		1919FD621FFF55CB0051E4DE /* AppDelegate.swift */ = {isa = PBXFileReference; lastKnownFileType = sourcecode.swift; path = AppDelegate.swift; sourceTree = "<group>"; };
		1919FD641FFF55CB0051E4DE /* ViewController.swift */ = {isa = PBXFileReference; lastKnownFileType = sourcecode.swift; path = ViewController.swift; sourceTree = "<group>"; };
		1919FD671FFF55CB0051E4DE /* Base */ = {isa = PBXFileReference; lastKnownFileType = file.storyboard; name = Base; path = Base.lproj/Main.storyboard; sourceTree = "<group>"; };
		1919FD691FFF55CB0051E4DE /* Assets.xcassets */ = {isa = PBXFileReference; lastKnownFileType = folder.assetcatalog; path = Assets.xcassets; sourceTree = "<group>"; };
		1919FD6C1FFF55CB0051E4DE /* Base */ = {isa = PBXFileReference; lastKnownFileType = file.storyboard; name = Base; path = Base.lproj/LaunchScreen.storyboard; sourceTree = "<group>"; };
		1919FD6E1FFF55CB0051E4DE /* Info.plist */ = {isa = PBXFileReference; lastKnownFileType = text.plist.xml; path = Info.plist; sourceTree = "<group>"; };
		1919FD741FFF55E80051E4DE /* CollectionViewController.swift */ = {isa = PBXFileReference; fileEncoding = 4; lastKnownFileType = sourcecode.swift; path = CollectionViewController.swift; sourceTree = "<group>"; };
		1919FD751FFF55E90051E4DE /* OneCustomLayout.swift */ = {isa = PBXFileReference; fileEncoding = 4; lastKnownFileType = sourcecode.swift; path = OneCustomLayout.swift; sourceTree = "<group>"; };
		1919FD761FFF55E90051E4DE /* TwoCustomLayout.swift */ = {isa = PBXFileReference; fileEncoding = 4; lastKnownFileType = sourcecode.swift; path = TwoCustomLayout.swift; sourceTree = "<group>"; };
/* End PBXFileReference section */

/* Begin PBXFrameworksBuildPhase section */
		1919FD5C1FFF55CB0051E4DE /* Frameworks */ = {
			isa = PBXFrameworksBuildPhase;
			buildActionMask = 2147483647;
			files = (
			);
			runOnlyForDeploymentPostprocessing = 0;
		};
/* End PBXFrameworksBuildPhase section */

/* Begin PBXGroup section */
		1919FD561FFF55CB0051E4DE = {
			isa = PBXGroup;
			children = (
				1919FD611FFF55CB0051E4DE /* CollectViewLayoutDemo */,
				1919FD601FFF55CB0051E4DE /* Products */,
			);
			sourceTree = "<group>";
		};
		1919FD601FFF55CB0051E4DE /* Products */ = {
			isa = PBXGroup;
			children = (
				1919FD5F1FFF55CB0051E4DE /* CollectViewLayoutDemo.app */,
			);
			name = Products;
			sourceTree = "<group>";
		};
		1919FD611FFF55CB0051E4DE /* CollectViewLayoutDemo */ = {
			isa = PBXGroup;
			children = (
				1919FD621FFF55CB0051E4DE /* AppDelegate.swift */,
				1919FD741FFF55E80051E4DE /* CollectionViewController.swift */,
				1919FD751FFF55E90051E4DE /* OneCustomLayout.swift */,
				1919FD761FFF55E90051E4DE /* TwoCustomLayout.swift */,
				1919FD641FFF55CB0051E4DE /* ViewController.swift */,
				1919FD661FFF55CB0051E4DE /* Main.storyboard */,
				1919FD691FFF55CB0051E4DE /* Assets.xcassets */,
				1919FD6B1FFF55CB0051E4DE /* LaunchScreen.storyboard */,
				1919FD6E1FFF55CB0051E4DE /* Info.plist */,
			);
			path = CollectViewLayoutDemo;
			sourceTree = "<group>";
		};
/* End PBXGroup section */

/* Begin PBXNativeTarget section */
		1919FD5E1FFF55CB0051E4DE /* CollectViewLayoutDemo */ = {
			isa = PBXNativeTarget;
			buildConfigurationList = 1919FD711FFF55CB0051E4DE /* Build configuration list for PBXNativeTarget "CollectViewLayoutDemo" */;
			buildPhases = (
				1919FD5B1FFF55CB0051E4DE /* Sources */,
				1919FD5C1FFF55CB0051E4DE /* Frameworks */,
				1919FD5D1FFF55CB0051E4DE /* Resources */,
			);
			buildRules = (
			);
			dependencies = (
			);
			name = CollectViewLayoutDemo;
			productName = CollectViewLayoutDemo;
			productReference = 1919FD5F1FFF55CB0051E4DE /* CollectViewLayoutDemo.app */;
			productType = "com.apple.product-type.application";
		};
/* End PBXNativeTarget section */

/* Begin PBXProject section */
		1919FD571FFF55CB0051E4DE /* Project object */ = {
			isa = PBXProject;
			attributes = {
				LastSwiftUpdateCheck = 0920;
				LastUpgradeCheck = 0920;
				ORGANIZATIONNAME = syc;
				TargetAttributes = {
					1919FD5E1FFF55CB0051E4DE = {
						CreatedOnToolsVersion = 9.2;
						ProvisioningStyle = Automatic;
					};
				};
			};
			buildConfigurationList = 1919FD5A1FFF55CB0051E4DE /* Build configuration list for PBXProject "CollectViewLayoutDemo" */;
			compatibilityVersion = "Xcode 8.0";
			developmentRegion = en;
			hasScannedForEncodings = 0;
			knownRegions = (
				en,
				Base,
			);
			mainGroup = 1919FD561FFF55CB0051E4DE;
			productRefGroup = 1919FD601FFF55CB0051E4DE /* Products */;
			projectDirPath = "";
			projectRoot = "";
			targets = (
				1919FD5E1FFF55CB0051E4DE /* CollectViewLayoutDemo */,
			);
		};
/* End PBXProject section */

/* Begin PBXResourcesBuildPhase section */
		1919FD5D1FFF55CB0051E4DE /* Resources */ = {
			isa = PBXResourcesBuildPhase;
			buildActionMask = 2147483647;
			files = (
				1919FD6D1FFF55CB0051E4DE /* LaunchScreen.storyboard in Resources */,
				1919FD6A1FFF55CB0051E4DE /* Assets.xcassets in Resources */,
				1919FD681FFF55CB0051E4DE /* Main.storyboard in Resources */,
			);
			runOnlyForDeploymentPostprocessing = 0;
		};
/* End PBXResourcesBuildPhase section */

/* Begin PBXSourcesBuildPhase section */
		1919FD5B1FFF55CB0051E4DE /* Sources */ = {
			isa = PBXSourcesBuildPhase;
			buildActionMask = 2147483647;
			files = (
				1919FD771FFF55E90051E4DE /* CollectionViewController.swift in Sources */,
				1919FD651FFF55CB0051E4DE /* ViewController.swift in Sources */,
				1919FD631FFF55CB0051E4DE /* AppDelegate.swift in Sources */,
				1919FD791FFF55E90051E4DE /* TwoCustomLayout.swift in Sources */,
				1919FD781FFF55E90051E4DE /* OneCustomLayout.swift in Sources */,
			);
			runOnlyForDeploymentPostprocessing = 0;
		};
/* End PBXSourcesBuildPhase section */

/* Begin PBXVariantGroup section */
		1919FD661FFF55CB0051E4DE /* Main.storyboard */ = {
			isa = PBXVariantGroup;
			children = (
				1919FD671FFF55CB0051E4DE /* Base */,
			);
			name = Main.storyboard;
			sourceTree = "<group>";
		};
		1919FD6B1FFF55CB0051E4DE /* LaunchScreen.storyboard */ = {
			isa = PBXVariantGroup;
			children = (
				1919FD6C1FFF55CB0051E4DE /* Base */,
			);
			name = LaunchScreen.storyboard;
			sourceTree = "<group>";
		};
/* End PBXVariantGroup section */

/* Begin XCBuildConfiguration section */
		1919FD6F1FFF55CB0051E4DE /* Debug */ = {
			isa = XCBuildConfiguration;
			buildSettings = {
				ALWAYS_SEARCH_USER_PATHS = NO;
				CLANG_ANALYZER_NONNULL = YES;
				CLANG_ANALYZER_NUMBER_OBJECT_CONVERSION = YES_AGGRESSIVE;
				CLANG_CXX_LANGUAGE_STANDARD = "gnu++14";
				CLANG_CXX_LIBRARY = "libc++";
				CLANG_ENABLE_MODULES = YES;
				CLANG_ENABLE_OBJC_ARC = YES;
				CLANG_WARN_BLOCK_CAPTURE_AUTORELEASING = YES;
				CLANG_WARN_BOOL_CONVERSION = YES;
				CLANG_WARN_COMMA = YES;
				CLANG_WARN_CONSTANT_CONVERSION = YES;
				CLANG_WARN_DIRECT_OBJC_ISA_USAGE = YES_ERROR;
				CLANG_WARN_DOCUMENTATION_COMMENTS = YES;
				CLANG_WARN_EMPTY_BODY = YES;
				CLANG_WARN_ENUM_CONVERSION = YES;
				CLANG_WARN_INFINITE_RECURSION = YES;
				CLANG_WARN_INT_CONVERSION = YES;
				CLANG_WARN_NON_LITERAL_NULL_CONVERSION = YES;
				CLANG_WARN_OBJC_LITERAL_CONVERSION = YES;
				CLANG_WARN_OBJC_ROOT_CLASS = YES_ERROR;
				CLANG_WARN_RANGE_LOOP_ANALYSIS = YES;
				CLANG_WARN_STRICT_PROTOTYPES = YES;
				CLANG_WARN_SUSPICIOUS_MOVE = YES;
				CLANG_WARN_UNGUARDED_AVAILABILITY = YES_AGGRESSIVE;
				CLANG_WARN_UNREACHABLE_CODE = YES;
				CLANG_WARN__DUPLICATE_METHOD_MATCH = YES;
				CODE_SIGN_IDENTITY = "iPhone Developer";
				COPY_PHASE_STRIP = NO;
				DEBUG_INFORMATION_FORMAT = dwarf;
				ENABLE_STRICT_OBJC_MSGSEND = YES;
				ENABLE_TESTABILITY = YES;
				GCC_C_LANGUAGE_STANDARD = gnu11;
				GCC_DYNAMIC_NO_PIC = NO;
				GCC_NO_COMMON_BLOCKS = YES;
				GCC_OPTIMIZATION_LEVEL = 0;
				GCC_PREPROCESSOR_DEFINITIONS = (
					"DEBUG=1",
					"$(inherited)",
				);
				GCC_WARN_64_TO_32_BIT_CONVERSION = YES;
				GCC_WARN_ABOUT_RETURN_TYPE = YES_ERROR;
				GCC_WARN_UNDECLARED_SELECTOR = YES;
				GCC_WARN_UNINITIALIZED_AUTOS = YES_AGGRESSIVE;
				GCC_WARN_UNUSED_FUNCTION = YES;
				GCC_WARN_UNUSED_VARIABLE = YES;
				IPHONEOS_DEPLOYMENT_TARGET = 11.2;
				MTL_ENABLE_DEBUG_INFO = YES;
				ONLY_ACTIVE_ARCH = YES;
				SDKROOT = iphoneos;
				SWIFT_ACTIVE_COMPILATION_CONDITIONS = DEBUG;
				SWIFT_OPTIMIZATION_LEVEL = "-Onone";
			};
			name = Debug;
		};
		1919FD701FFF55CB0051E4DE /* Release */ = {
			isa = XCBuildConfiguration;
			buildSettings = {
				ALWAYS_SEARCH_USER_PATHS = NO;
				CLANG_ANALYZER_NONNULL = YES;
				CLANG_ANALYZER_NUMBER_OBJECT_CONVERSION = YES_AGGRESSIVE;
				CLANG_CXX_LANGUAGE_STANDARD = "gnu++14";
				CLANG_CXX_LIBRARY = "libc++";
				CLANG_ENABLE_MODULES = YES;
				CLANG_ENABLE_OBJC_ARC = YES;
				CLANG_WARN_BLOCK_CAPTURE_AUTORELEASING = YES;
				CLANG_WARN_BOOL_CONVERSION = YES;
				CLANG_WARN_COMMA = YES;
				CLANG_WARN_CONSTANT_CONVERSION = YES;
				CLANG_WARN_DIRECT_OBJC_ISA_USAGE = YES_ERROR;
				CLANG_WARN_DOCUMENTATION_COMMENTS = YES;
				CLANG_WARN_EMPTY_BODY = YES;
				CLANG_WARN_ENUM_CONVERSION = YES;
				CLANG_WARN_INFINITE_RECURSION = YES;
				CLANG_WARN_INT_CONVERSION = YES;
				CLANG_WARN_NON_LITERAL_NULL_CONVERSION = YES;
				CLANG_WARN_OBJC_LITERAL_CONVERSION = YES;
				CLANG_WARN_OBJC_ROOT_CLASS = YES_ERROR;
				CLANG_WARN_RANGE_LOOP_ANALYSIS = YES;
				CLANG_WARN_STRICT_PROTOTYPES = YES;
				CLANG_WARN_SUSPICIOUS_MOVE = YES;
				CLANG_WARN_UNGUARDED_AVAILABILITY = YES_AGGRESSIVE;
				CLANG_WARN_UNREACHABLE_CODE = YES;
				CLANG_WARN__DUPLICATE_METHOD_MATCH = YES;
				CODE_SIGN_IDENTITY = "iPhone Developer";
				COPY_PHASE_STRIP = NO;
				DEBUG_INFORMATION_FORMAT = "dwarf-with-dsym";
				ENABLE_NS_ASSERTIONS = NO;
				ENABLE_STRICT_OBJC_MSGSEND = YES;
				GCC_C_LANGUAGE_STANDARD = gnu11;
				GCC_NO_COMMON_BLOCKS = YES;
				GCC_WARN_64_TO_32_BIT_CONVERSION = YES;
				GCC_WARN_ABOUT_RETURN_TYPE = YES_ERROR;
				GCC_WARN_UNDECLARED_SELECTOR = YES;
				GCC_WARN_UNINITIALIZED_AUTOS = YES_AGGRESSIVE;
				GCC_WARN_UNUSED_FUNCTION = YES;
				GCC_WARN_UNUSED_VARIABLE = YES;
				IPHONEOS_DEPLOYMENT_TARGET = 11.2;
				MTL_ENABLE_DEBUG_INFO = NO;
				SDKROOT = iphoneos;
				SWIFT_OPTIMIZATION_LEVEL = "-Owholemodule";
				VALIDATE_PRODUCT = YES;
			};
			name = Release;
		};
		1919FD721FFF55CB0051E4DE /* Debug */ = {
			isa = XCBuildConfiguration;
			buildSettings = {
				ASSETCATALOG_COMPILER_APPICON_NAME = AppIcon;
				CODE_SIGN_STYLE = Automatic;
				DEVELOPMENT_TEAM = XQP5327YF6;
				INFOPLIST_FILE = CollectViewLayoutDemo/Info.plist;
				LD_RUNPATH_SEARCH_PATHS = "$(inherited) @executable_path/Frameworks";
				PRODUCT_BUNDLE_IDENTIFIER = cn.syc.demo;
				PRODUCT_NAME = "$(TARGET_NAME)";
				SWIFT_VERSION = 4.0;
				TARGETED_DEVICE_FAMILY = "1,2";
			};
			name = Debug;
		};
		1919FD731FFF55CB0051E4DE /* Release */ = {
			isa = XCBuildConfiguration;
			buildSettings = {
				ASSETCATALOG_COMPILER_APPICON_NAME = AppIcon;
				CODE_SIGN_STYLE = Automatic;
				DEVELOPMENT_TEAM = XQP5327YF6;
				INFOPLIST_FILE = CollectViewLayoutDemo/Info.plist;
				LD_RUNPATH_SEARCH_PATHS = "$(inherited) @executable_path/Frameworks";
				PRODUCT_BUNDLE_IDENTIFIER = cn.syc.demo;
				PRODUCT_NAME = "$(TARGET_NAME)";
				SWIFT_VERSION = 4.0;
				TARGETED_DEVICE_FAMILY = "1,2";
			};
			name = Release;
		};
/* End XCBuildConfiguration section */

/* Begin XCConfigurationList section */
		1919FD5A1FFF55CB0051E4DE /* Build configuration list for PBXProject "CollectViewLayoutDemo" */ = {
			isa = XCConfigurationList;
			buildConfigurations = (
				1919FD6F1FFF55CB0051E4DE /* Debug */,
				1919FD701FFF55CB0051E4DE /* Release */,
			);
			defaultConfigurationIsVisible = 0;
			defaultConfigurationName = Release;
		};
		1919FD711FFF55CB0051E4DE /* Build configuration list for PBXNativeTarget "CollectViewLayoutDemo" */ = {
			isa = XCConfigurationList;
			buildConfigurations = (
				1919FD721FFF55CB0051E4DE /* Debug */,
				1919FD731FFF55CB0051E4DE /* Release */,
			);
			defaultConfigurationIsVisible = 0;
			defaultConfigurationName = Release;
		};
/* End XCConfigurationList section */
	};
	rootObject = 1919FD571FFF55CB0051E4DE /* Project object */;
}
